// !$*UTF8*$!
{
	archiveVersion = 1;
	classes = {
	};
	objectVersion = 55;
	objects = {

/* Begin PBXBuildFile section */
		892A956A28ACBA5F00EA7FF6 /* DataManager.swift in Sources */ = {isa = PBXBuildFile; fileRef = 892A956928ACBA5F00EA7FF6 /* DataManager.swift */; };
		8980B613289FE9FB005E400B /* VolumeObserver.swift in Sources */ = {isa = PBXBuildFile; fileRef = 8980B612289FE9FB005E400B /* VolumeObserver.swift */; };
		89DBA5002884378200A26C96 /* CambridgeDictionaryApp.swift in Sources */ = {isa = PBXBuildFile; fileRef = 89DBA4FF2884378200A26C96 /* CambridgeDictionaryApp.swift */; };
		89DBA5022884378200A26C96 /* ContentView.swift in Sources */ = {isa = PBXBuildFile; fileRef = 89DBA5012884378200A26C96 /* ContentView.swift */; };
		89DBA5042884378400A26C96 /* Assets.xcassets in Resources */ = {isa = PBXBuildFile; fileRef = 89DBA5032884378400A26C96 /* Assets.xcassets */; };
		89DBA5072884378400A26C96 /* Preview Assets.xcassets in Resources */ = {isa = PBXBuildFile; fileRef = 89DBA5062884378400A26C96 /* Preview Assets.xcassets */; };
		89DBA5112884378400A26C96 /* CambridgeDictionaryTests.swift in Sources */ = {isa = PBXBuildFile; fileRef = 89DBA5102884378400A26C96 /* CambridgeDictionaryTests.swift */; };
		89DBA51B2884378400A26C96 /* CambridgeDictionaryUITests.swift in Sources */ = {isa = PBXBuildFile; fileRef = 89DBA51A2884378400A26C96 /* CambridgeDictionaryUITests.swift */; };
		89DBA51D2884378400A26C96 /* CambridgeDictionaryUITestsLaunchTests.swift in Sources */ = {isa = PBXBuildFile; fileRef = 89DBA51C2884378400A26C96 /* CambridgeDictionaryUITestsLaunchTests.swift */; };
		89DBA52C28843B0600A26C96 /* CollectionView.swift in Sources */ = {isa = PBXBuildFile; fileRef = 89DBA52B28843B0600A26C96 /* CollectionView.swift */; };
		89DBA52F288447B900A26C96 /* SearchingView.swift in Sources */ = {isa = PBXBuildFile; fileRef = 89DBA52E288447B900A26C96 /* SearchingView.swift */; };
/* End PBXBuildFile section */

/* Begin PBXContainerItemProxy section */
		89DBA50D2884378400A26C96 /* PBXContainerItemProxy */ = {
			isa = PBXContainerItemProxy;
			containerPortal = 89DBA4F42884378200A26C96 /* Project object */;
			proxyType = 1;
			remoteGlobalIDString = 89DBA4FB2884378200A26C96;
			remoteInfo = CambridgeDictionary;
		};
		89DBA5172884378400A26C96 /* PBXContainerItemProxy */ = {
			isa = PBXContainerItemProxy;
			containerPortal = 89DBA4F42884378200A26C96 /* Project object */;
			proxyType = 1;
			remoteGlobalIDString = 89DBA4FB2884378200A26C96;
			remoteInfo = CambridgeDictionary;
		};
/* End PBXContainerItemProxy section */

/* Begin PBXFileReference section */
		892A956928ACBA5F00EA7FF6 /* DataManager.swift */ = {isa = PBXFileReference; lastKnownFileType = sourcecode.swift; path = DataManager.swift; sourceTree = "<group>"; };
		89510F8328CAF06500639A18 /* Info.plist */ = {isa = PBXFileReference; lastKnownFileType = text.plist; path = Info.plist; sourceTree = "<group>"; };
		8980B612289FE9FB005E400B /* VolumeObserver.swift */ = {isa = PBXFileReference; lastKnownFileType = sourcecode.swift; path = VolumeObserver.swift; sourceTree = "<group>"; };
		89DBA4FC2884378200A26C96 /* CambridgeDictionary.app */ = {isa = PBXFileReference; explicitFileType = wrapper.application; includeInIndex = 0; path = CambridgeDictionary.app; sourceTree = BUILT_PRODUCTS_DIR; };
		89DBA4FF2884378200A26C96 /* CambridgeDictionaryApp.swift */ = {isa = PBXFileReference; lastKnownFileType = sourcecode.swift; path = CambridgeDictionaryApp.swift; sourceTree = "<group>"; };
		89DBA5012884378200A26C96 /* ContentView.swift */ = {isa = PBXFileReference; lastKnownFileType = sourcecode.swift; path = ContentView.swift; sourceTree = "<group>"; };
		89DBA5032884378400A26C96 /* Assets.xcassets */ = {isa = PBXFileReference; lastKnownFileType = folder.assetcatalog; path = Assets.xcassets; sourceTree = "<group>"; };
		89DBA5062884378400A26C96 /* Preview Assets.xcassets */ = {isa = PBXFileReference; lastKnownFileType = folder.assetcatalog; path = "Preview Assets.xcassets"; sourceTree = "<group>"; };
		89DBA50C2884378400A26C96 /* CambridgeDictionaryTests.xctest */ = {isa = PBXFileReference; explicitFileType = wrapper.cfbundle; includeInIndex = 0; path = CambridgeDictionaryTests.xctest; sourceTree = BUILT_PRODUCTS_DIR; };
		89DBA5102884378400A26C96 /* CambridgeDictionaryTests.swift */ = {isa = PBXFileReference; lastKnownFileType = sourcecode.swift; path = CambridgeDictionaryTests.swift; sourceTree = "<group>"; };
		89DBA5162884378400A26C96 /* CambridgeDictionaryUITests.xctest */ = {isa = PBXFileReference; explicitFileType = wrapper.cfbundle; includeInIndex = 0; path = CambridgeDictionaryUITests.xctest; sourceTree = BUILT_PRODUCTS_DIR; };
		89DBA51A2884378400A26C96 /* CambridgeDictionaryUITests.swift */ = {isa = PBXFileReference; lastKnownFileType = sourcecode.swift; path = CambridgeDictionaryUITests.swift; sourceTree = "<group>"; };
		89DBA51C2884378400A26C96 /* CambridgeDictionaryUITestsLaunchTests.swift */ = {isa = PBXFileReference; lastKnownFileType = sourcecode.swift; path = CambridgeDictionaryUITestsLaunchTests.swift; sourceTree = "<group>"; };
		89DBA52B28843B0600A26C96 /* CollectionView.swift */ = {isa = PBXFileReference; lastKnownFileType = sourcecode.swift; path = CollectionView.swift; sourceTree = "<group>"; };
		89DBA52E288447B900A26C96 /* SearchingView.swift */ = {isa = PBXFileReference; lastKnownFileType = sourcecode.swift; path = SearchingView.swift; sourceTree = "<group>"; };
/* End PBXFileReference section */

/* Begin PBXFrameworksBuildPhase section */
		89DBA4F92884378200A26C96 /* Frameworks */ = {
			isa = PBXFrameworksBuildPhase;
			buildActionMask = 2147483647;
			files = (
			);
			runOnlyForDeploymentPostprocessing = 0;
		};
		89DBA5092884378400A26C96 /* Frameworks */ = {
			isa = PBXFrameworksBuildPhase;
			buildActionMask = 2147483647;
			files = (
			);
			runOnlyForDeploymentPostprocessing = 0;
		};
		89DBA5132884378400A26C96 /* Frameworks */ = {
			isa = PBXFrameworksBuildPhase;
			buildActionMask = 2147483647;
			files = (
			);
			runOnlyForDeploymentPostprocessing = 0;
		};
/* End PBXFrameworksBuildPhase section */

/* Begin PBXGroup section */
		892A956828ACBA2B00EA7FF6 /* Others */ = {
			isa = PBXGroup;
			children = (
				8980B612289FE9FB005E400B /* VolumeObserver.swift */,
				892A956928ACBA5F00EA7FF6 /* DataManager.swift */,
			);
			path = Others;
			sourceTree = "<group>";
		};
		89DBA4F32884378200A26C96 = {
			isa = PBXGroup;
			children = (
				89DBA4FE2884378200A26C96 /* CambridgeDictionary */,
				89DBA50F2884378400A26C96 /* CambridgeDictionaryTests */,
				89DBA5192884378400A26C96 /* CambridgeDictionaryUITests */,
				89DBA4FD2884378200A26C96 /* Products */,
			);
			sourceTree = "<group>";
		};
		89DBA4FD2884378200A26C96 /* Products */ = {
			isa = PBXGroup;
			children = (
				89DBA4FC2884378200A26C96 /* CambridgeDictionary.app */,
				89DBA50C2884378400A26C96 /* CambridgeDictionaryTests.xctest */,
				89DBA5162884378400A26C96 /* CambridgeDictionaryUITests.xctest */,
			);
			name = Products;
			sourceTree = "<group>";
		};
		89DBA4FE2884378200A26C96 /* CambridgeDictionary */ = {
			isa = PBXGroup;
			children = (
				89510F8328CAF06500639A18 /* Info.plist */,
				89DBA4FF2884378200A26C96 /* CambridgeDictionaryApp.swift */,
				89DBA5012884378200A26C96 /* ContentView.swift */,
				89DBA52B28843B0600A26C96 /* CollectionView.swift */,
				89DBA52E288447B900A26C96 /* SearchingView.swift */,
				892A956828ACBA2B00EA7FF6 /* Others */,
				89DBA5032884378400A26C96 /* Assets.xcassets */,
				89DBA5052884378400A26C96 /* Preview Content */,
			);
			path = CambridgeDictionary;
			sourceTree = "<group>";
		};
		89DBA5052884378400A26C96 /* Preview Content */ = {
			isa = PBXGroup;
			children = (
				89DBA5062884378400A26C96 /* Preview Assets.xcassets */,
			);
			path = "Preview Content";
			sourceTree = "<group>";
		};
		89DBA50F2884378400A26C96 /* CambridgeDictionaryTests */ = {
			isa = PBXGroup;
			children = (
				89DBA5102884378400A26C96 /* CambridgeDictionaryTests.swift */,
			);
			path = CambridgeDictionaryTests;
			sourceTree = "<group>";
		};
		89DBA5192884378400A26C96 /* CambridgeDictionaryUITests */ = {
			isa = PBXGroup;
			children = (
				89DBA51A2884378400A26C96 /* CambridgeDictionaryUITests.swift */,
				89DBA51C2884378400A26C96 /* CambridgeDictionaryUITestsLaunchTests.swift */,
			);
			path = CambridgeDictionaryUITests;
			sourceTree = "<group>";
		};
/* End PBXGroup section */

/* Begin PBXNativeTarget section */
		89DBA4FB2884378200A26C96 /* CambridgeDictionary */ = {
			isa = PBXNativeTarget;
			buildConfigurationList = 89DBA5202884378400A26C96 /* Build configuration list for PBXNativeTarget "CambridgeDictionary" */;
			buildPhases = (
				89DBA4F82884378200A26C96 /* Sources */,
				89DBA4F92884378200A26C96 /* Frameworks */,
				89DBA4FA2884378200A26C96 /* Resources */,
			);
			buildRules = (
			);
			dependencies = (
			);
			name = CambridgeDictionary;
			productName = CambridgeDictionary;
			productReference = 89DBA4FC2884378200A26C96 /* CambridgeDictionary.app */;
			productType = "com.apple.product-type.application";
		};
		89DBA50B2884378400A26C96 /* CambridgeDictionaryTests */ = {
			isa = PBXNativeTarget;
			buildConfigurationList = 89DBA5232884378400A26C96 /* Build configuration list for PBXNativeTarget "CambridgeDictionaryTests" */;
			buildPhases = (
				89DBA5082884378400A26C96 /* Sources */,
				89DBA5092884378400A26C96 /* Frameworks */,
				89DBA50A2884378400A26C96 /* Resources */,
			);
			buildRules = (
			);
			dependencies = (
				89DBA50E2884378400A26C96 /* PBXTargetDependency */,
			);
			name = CambridgeDictionaryTests;
			productName = CambridgeDictionaryTests;
			productReference = 89DBA50C2884378400A26C96 /* CambridgeDictionaryTests.xctest */;
			productType = "com.apple.product-type.bundle.unit-test";
		};
		89DBA5152884378400A26C96 /* CambridgeDictionaryUITests */ = {
			isa = PBXNativeTarget;
			buildConfigurationList = 89DBA5262884378400A26C96 /* Build configuration list for PBXNativeTarget "CambridgeDictionaryUITests" */;
			buildPhases = (
				89DBA5122884378400A26C96 /* Sources */,
				89DBA5132884378400A26C96 /* Frameworks */,
				89DBA5142884378400A26C96 /* Resources */,
			);
			buildRules = (
			);
			dependencies = (
				89DBA5182884378400A26C96 /* PBXTargetDependency */,
			);
			name = CambridgeDictionaryUITests;
			productName = CambridgeDictionaryUITests;
			productReference = 89DBA5162884378400A26C96 /* CambridgeDictionaryUITests.xctest */;
			productType = "com.apple.product-type.bundle.ui-testing";
		};
/* End PBXNativeTarget section */

/* Begin PBXProject section */
		89DBA4F42884378200A26C96 /* Project object */ = {
			isa = PBXProject;
			attributes = {
				BuildIndependentTargetsInParallel = 1;
				LastSwiftUpdateCheck = 1340;
				LastUpgradeCheck = 1340;
				TargetAttributes = {
					89DBA4FB2884378200A26C96 = {
						CreatedOnToolsVersion = 13.4.1;
					};
					89DBA50B2884378400A26C96 = {
						CreatedOnToolsVersion = 13.4.1;
						TestTargetID = 89DBA4FB2884378200A26C96;
					};
					89DBA5152884378400A26C96 = {
						CreatedOnToolsVersion = 13.4.1;
						TestTargetID = 89DBA4FB2884378200A26C96;
					};
				};
			};
			buildConfigurationList = 89DBA4F72884378200A26C96 /* Build configuration list for PBXProject "CambridgeDictionary" */;
			compatibilityVersion = "Xcode 13.0";
			developmentRegion = en;
			hasScannedForEncodings = 0;
			knownRegions = (
				en,
				Base,
			);
			mainGroup = 89DBA4F32884378200A26C96;
			productRefGroup = 89DBA4FD2884378200A26C96 /* Products */;
			projectDirPath = "";
			projectRoot = "";
			targets = (
				89DBA4FB2884378200A26C96 /* CambridgeDictionary */,
				89DBA50B2884378400A26C96 /* CambridgeDictionaryTests */,
				89DBA5152884378400A26C96 /* CambridgeDictionaryUITests */,
			);
		};
/* End PBXProject section */

/* Begin PBXResourcesBuildPhase section */
		89DBA4FA2884378200A26C96 /* Resources */ = {
			isa = PBXResourcesBuildPhase;
			buildActionMask = 2147483647;
			files = (
				89DBA5072884378400A26C96 /* Preview Assets.xcassets in Resources */,
				89DBA5042884378400A26C96 /* Assets.xcassets in Resources */,
			);
			runOnlyForDeploymentPostprocessing = 0;
		};
		89DBA50A2884378400A26C96 /* Resources */ = {
			isa = PBXResourcesBuildPhase;
			buildActionMask = 2147483647;
			files = (
			);
			runOnlyForDeploymentPostprocessing = 0;
		};
		89DBA5142884378400A26C96 /* Resources */ = {
			isa = PBXResourcesBuildPhase;
			buildActionMask = 2147483647;
			files = (
			);
			runOnlyForDeploymentPostprocessing = 0;
		};
/* End PBXResourcesBuildPhase section */

/* Begin PBXSourcesBuildPhase section */
		89DBA4F82884378200A26C96 /* Sources */ = {
			isa = PBXSourcesBuildPhase;
			buildActionMask = 2147483647;
			files = (
				89DBA5022884378200A26C96 /* ContentView.swift in Sources */,
				89DBA52C28843B0600A26C96 /* CollectionView.swift in Sources */,
				89DBA5002884378200A26C96 /* CambridgeDictionaryApp.swift in Sources */,
				89DBA52F288447B900A26C96 /* SearchingView.swift in Sources */,
				892A956A28ACBA5F00EA7FF6 /* DataManager.swift in Sources */,
				8980B613289FE9FB005E400B /* VolumeObserver.swift in Sources */,
			);
			runOnlyForDeploymentPostprocessing = 0;
		};
		89DBA5082884378400A26C96 /* Sources */ = {
			isa = PBXSourcesBuildPhase;
			buildActionMask = 2147483647;
			files = (
				89DBA5112884378400A26C96 /* CambridgeDictionaryTests.swift in Sources */,
			);
			runOnlyForDeploymentPostprocessing = 0;
		};
		89DBA5122884378400A26C96 /* Sources */ = {
			isa = PBXSourcesBuildPhase;
			buildActionMask = 2147483647;
			files = (
				89DBA51B2884378400A26C96 /* CambridgeDictionaryUITests.swift in Sources */,
				89DBA51D2884378400A26C96 /* CambridgeDictionaryUITestsLaunchTests.swift in Sources */,
			);
			runOnlyForDeploymentPostprocessing = 0;
		};
/* End PBXSourcesBuildPhase section */

/* Begin PBXTargetDependency section */
		89DBA50E2884378400A26C96 /* PBXTargetDependency */ = {
			isa = PBXTargetDependency;
			target = 89DBA4FB2884378200A26C96 /* CambridgeDictionary */;
			targetProxy = 89DBA50D2884378400A26C96 /* PBXContainerItemProxy */;
		};
		89DBA5182884378400A26C96 /* PBXTargetDependency */ = {
			isa = PBXTargetDependency;
			target = 89DBA4FB2884378200A26C96 /* CambridgeDictionary */;
			targetProxy = 89DBA5172884378400A26C96 /* PBXContainerItemProxy */;
		};
/* End PBXTargetDependency section */

/* Begin XCBuildConfiguration section */
		89DBA51E2884378400A26C96 /* Debug */ = {
			isa = XCBuildConfiguration;
			buildSettings = {
				ALWAYS_SEARCH_USER_PATHS = NO;
				CLANG_ANALYZER_NONNULL = YES;
				CLANG_ANALYZER_NUMBER_OBJECT_CONVERSION = YES_AGGRESSIVE;
				CLANG_CXX_LANGUAGE_STANDARD = "gnu++17";
				CLANG_ENABLE_MODULES = YES;
				CLANG_ENABLE_OBJC_ARC = YES;
				CLANG_ENABLE_OBJC_WEAK = YES;
				CLANG_WARN_BLOCK_CAPTURE_AUTORELEASING = YES;
				CLANG_WARN_BOOL_CONVERSION = YES;
				CLANG_WARN_COMMA = YES;
				CLANG_WARN_CONSTANT_CONVERSION = YES;
				CLANG_WARN_DEPRECATED_OBJC_IMPLEMENTATIONS = YES;
				CLANG_WARN_DIRECT_OBJC_ISA_USAGE = YES_ERROR;
				CLANG_WARN_DOCUMENTATION_COMMENTS = YES;
				CLANG_WARN_EMPTY_BODY = YES;
				CLANG_WARN_ENUM_CONVERSION = YES;
				CLANG_WARN_INFINITE_RECURSION = YES;
				CLANG_WARN_INT_CONVERSION = YES;
				CLANG_WARN_NON_LITERAL_NULL_CONVERSION = YES;
				CLANG_WARN_OBJC_IMPLICIT_RETAIN_SELF = YES;
				CLANG_WARN_OBJC_LITERAL_CONVERSION = YES;
				CLANG_WARN_OBJC_ROOT_CLASS = YES_ERROR;
				CLANG_WARN_QUOTED_INCLUDE_IN_FRAMEWORK_HEADER = YES;
				CLANG_WARN_RANGE_LOOP_ANALYSIS = YES;
				CLANG_WARN_STRICT_PROTOTYPES = YES;
				CLANG_WARN_SUSPICIOUS_MOVE = YES;
				CLANG_WARN_UNGUARDED_AVAILABILITY = YES_AGGRESSIVE;
				CLANG_WARN_UNREACHABLE_CODE = YES;
				CLANG_WARN__DUPLICATE_METHOD_MATCH = YES;
				COPY_PHASE_STRIP = NO;
				DEBUG_INFORMATION_FORMAT = dwarf;
				ENABLE_STRICT_OBJC_MSGSEND = YES;
				ENABLE_TESTABILITY = YES;
				GCC_C_LANGUAGE_STANDARD = gnu11;
				GCC_DYNAMIC_NO_PIC = NO;
				GCC_NO_COMMON_BLOCKS = YES;
				GCC_OPTIMIZATION_LEVEL = 0;
				GCC_PREPROCESSOR_DEFINITIONS = (
					"DEBUG=1",
					"$(inherited)",
				);
				GCC_WARN_64_TO_32_BIT_CONVERSION = YES;
				GCC_WARN_ABOUT_RETURN_TYPE = YES_ERROR;
				GCC_WARN_UNDECLARED_SELECTOR = YES;
				GCC_WARN_UNINITIALIZED_AUTOS = YES_AGGRESSIVE;
				GCC_WARN_UNUSED_FUNCTION = YES;
				GCC_WARN_UNUSED_VARIABLE = YES;
				IPHONEOS_DEPLOYMENT_TARGET = 15.5;
				MTL_ENABLE_DEBUG_INFO = INCLUDE_SOURCE;
				MTL_FAST_MATH = YES;
				ONLY_ACTIVE_ARCH = YES;
				SDKROOT = iphoneos;
				SWIFT_ACTIVE_COMPILATION_CONDITIONS = DEBUG;
				SWIFT_OPTIMIZATION_LEVEL = "-Onone";
			};
			name = Debug;
		};
		89DBA51F2884378400A26C96 /* Release */ = {
			isa = XCBuildConfiguration;
			buildSettings = {
				ALWAYS_SEARCH_USER_PATHS = NO;
				CLANG_ANALYZER_NONNULL = YES;
				CLANG_ANALYZER_NUMBER_OBJECT_CONVERSION = YES_AGGRESSIVE;
				CLANG_CXX_LANGUAGE_STANDARD = "gnu++17";
				CLANG_ENABLE_MODULES = YES;
				CLANG_ENABLE_OBJC_ARC = YES;
				CLANG_ENABLE_OBJC_WEAK = YES;
				CLANG_WARN_BLOCK_CAPTURE_AUTORELEASING = YES;
				CLANG_WARN_BOOL_CONVERSION = YES;
				CLANG_WARN_COMMA = YES;
				CLANG_WARN_CONSTANT_CONVERSION = YES;
				CLANG_WARN_DEPRECATED_OBJC_IMPLEMENTATIONS = YES;
				CLANG_WARN_DIRECT_OBJC_ISA_USAGE = YES_ERROR;
				CLANG_WARN_DOCUMENTATION_COMMENTS = YES;
				CLANG_WARN_EMPTY_BODY = YES;
				CLANG_WARN_ENUM_CONVERSION = YES;
				CLANG_WARN_INFINITE_RECURSION = YES;
				CLANG_WARN_INT_CONVERSION = YES;
				CLANG_WARN_NON_LITERAL_NULL_CONVERSION = YES;
				CLANG_WARN_OBJC_IMPLICIT_RETAIN_SELF = YES;
				CLANG_WARN_OBJC_LITERAL_CONVERSION = YES;
				CLANG_WARN_OBJC_ROOT_CLASS = YES_ERROR;
				CLANG_WARN_QUOTED_INCLUDE_IN_FRAMEWORK_HEADER = YES;
				CLANG_WARN_RANGE_LOOP_ANALYSIS = YES;
				CLANG_WARN_STRICT_PROTOTYPES = YES;
				CLANG_WARN_SUSPICIOUS_MOVE = YES;
				CLANG_WARN_UNGUARDED_AVAILABILITY = YES_AGGRESSIVE;
				CLANG_WARN_UNREACHABLE_CODE = YES;
				CLANG_WARN__DUPLICATE_METHOD_MATCH = YES;
				COPY_PHASE_STRIP = NO;
				DEBUG_INFORMATION_FORMAT = "dwarf-with-dsym";
				ENABLE_NS_ASSERTIONS = NO;
				ENABLE_STRICT_OBJC_MSGSEND = YES;
				GCC_C_LANGUAGE_STANDARD = gnu11;
				GCC_NO_COMMON_BLOCKS = YES;
				GCC_WARN_64_TO_32_BIT_CONVERSION = YES;
				GCC_WARN_ABOUT_RETURN_TYPE = YES_ERROR;
				GCC_WARN_UNDECLARED_SELECTOR = YES;
				GCC_WARN_UNINITIALIZED_AUTOS = YES_AGGRESSIVE;
				GCC_WARN_UNUSED_FUNCTION = YES;
				GCC_WARN_UNUSED_VARIABLE = YES;
				IPHONEOS_DEPLOYMENT_TARGET = 15.5;
				MTL_ENABLE_DEBUG_INFO = NO;
				MTL_FAST_MATH = YES;
				SDKROOT = iphoneos;
				SWIFT_COMPILATION_MODE = wholemodule;
				SWIFT_OPTIMIZATION_LEVEL = "-O";
				VALIDATE_PRODUCT = YES;
			};
			name = Release;
		};
		89DBA5212884378400A26C96 /* Debug */ = {
			isa = XCBuildConfiguration;
			buildSettings = {
				ASSETCATALOG_COMPILER_APPICON_NAME = AppIcon;
				ASSETCATALOG_COMPILER_GLOBAL_ACCENT_COLOR_NAME = AccentColor;
				CODE_SIGN_STYLE = Automatic;
				CURRENT_PROJECT_VERSION = 1;
				DEVELOPMENT_ASSET_PATHS = "\"CambridgeDictionary/Preview Content\"";
				DEVELOPMENT_TEAM = N3YL74K7TP;
				ENABLE_PREVIEWS = YES;
				GENERATE_INFOPLIST_FILE = YES;
				INFOPLIST_FILE = CambridgeDictionary/Info.plist;
				INFOPLIST_KEY_LSApplicationCategoryType = "public.app-category.education";
				INFOPLIST_KEY_UIApplicationSceneManifest_Generation = YES;
				INFOPLIST_KEY_UIApplicationSupportsIndirectInputEvents = YES;
				INFOPLIST_KEY_UILaunchScreen_Generation = YES;
				INFOPLIST_KEY_UISupportedInterfaceOrientations = UIInterfaceOrientationPortrait;
				IPHONEOS_DEPLOYMENT_TARGET = 15.5;
				LD_RUNPATH_SEARCH_PATHS = (
					"$(inherited)",
					"@executable_path/Frameworks",
				);
				MARKETING_VERSION = 1.1;
				PRODUCT_BUNDLE_IDENTIFIER = "hao-wei-wu.CambridgeDictionary";
				PRODUCT_NAME = "$(TARGET_NAME)";
				SWIFT_EMIT_LOC_STRINGS = YES;
				SWIFT_VERSION = 5.0;
				TARGETED_DEVICE_FAMILY = "1,2";
			};
			name = Debug;
		};
		89DBA5222884378400A26C96 /* Release */ = {
			isa = XCBuildConfiguration;
			buildSettings = {
				ASSETCATALOG_COMPILER_APPICON_NAME = AppIcon;
				ASSETCATALOG_COMPILER_GLOBAL_ACCENT_COLOR_NAME = AccentColor;
				CODE_SIGN_STYLE = Automatic;
				CURRENT_PROJECT_VERSION = 1;
				DEVELOPMENT_ASSET_PATHS = "\"CambridgeDictionary/Preview Content\"";
				DEVELOPMENT_TEAM = N3YL74K7TP;
				ENABLE_PREVIEWS = YES;
				GENERATE_INFOPLIST_FILE = YES;
				INFOPLIST_FILE = CambridgeDictionary/Info.plist;
				INFOPLIST_KEY_LSApplicationCategoryType = "public.app-category.education";
				INFOPLIST_KEY_UIApplicationSceneManifest_Generation = YES;
				INFOPLIST_KEY_UIApplicationSupportsIndirectInputEvents = YES;
				INFOPLIST_KEY_UILaunchScreen_Generation = YES;
				INFOPLIST_KEY_UISupportedInterfaceOrientations = UIInterfaceOrientationPortrait;
				IPHONEOS_DEPLOYMENT_TARGET = 15.5;
				LD_RUNPATH_SEARCH_PATHS = (
					"$(inherited)",
					"@executable_path/Frameworks",
				);
				MARKETING_VERSION = 1.1;
				PRODUCT_BUNDLE_IDENTIFIER = "hao-wei-wu.CambridgeDictionary";
				PRODUCT_NAME = "$(TARGET_NAME)";
				SWIFT_EMIT_LOC_STRINGS = YES;
				SWIFT_VERSION = 5.0;
				TARGETED_DEVICE_FAMILY = "1,2";
			};
			name = Release;
		};
		89DBA5242884378400A26C96 /* Debug */ = {
			isa = XCBuildConfiguration;
			buildSettings = {
				ALWAYS_EMBED_SWIFT_STANDARD_LIBRARIES = YES;
				BUNDLE_LOADER = "$(TEST_HOST)";
				CODE_SIGN_STYLE = Automatic;
				CURRENT_PROJECT_VERSION = 1;
				DEVELOPMENT_TEAM = N3YL74K7TP;
				GENERATE_INFOPLIST_FILE = YES;
				IPHONEOS_DEPLOYMENT_TARGET = 15.5;
				MARKETING_VERSION = 1.0;
				PRODUCT_BUNDLE_IDENTIFIER = "hao-wei-wu.CambridgeDictionaryTests";
				PRODUCT_NAME = "$(TARGET_NAME)";
				SWIFT_EMIT_LOC_STRINGS = NO;
				SWIFT_VERSION = 5.0;
				TARGETED_DEVICE_FAMILY = "1,2";
				TEST_HOST = "$(BUILT_PRODUCTS_DIR)/CambridgeDictionary.app/CambridgeDictionary";
			};
			name = Debug;
		};
		89DBA5252884378400A26C96 /* Release */ = {
			isa = XCBuildConfiguration;
			buildSettings = {
				ALWAYS_EMBED_SWIFT_STANDARD_LIBRARIES = YES;
				BUNDLE_LOADER = "$(TEST_HOST)";
				CODE_SIGN_STYLE = Automatic;
				CURRENT_PROJECT_VERSION = 1;
				DEVELOPMENT_TEAM = N3YL74K7TP;
				GENERATE_INFOPLIST_FILE = YES;
				IPHONEOS_DEPLOYMENT_TARGET = 15.5;
				MARKETING_VERSION = 1.0;
				PRODUCT_BUNDLE_IDENTIFIER = "hao-wei-wu.CambridgeDictionaryTests";
				PRODUCT_NAME = "$(TARGET_NAME)";
				SWIFT_EMIT_LOC_STRINGS = NO;
				SWIFT_VERSION = 5.0;
				TARGETED_DEVICE_FAMILY = "1,2";
				TEST_HOST = "$(BUILT_PRODUCTS_DIR)/CambridgeDictionary.app/CambridgeDictionary";
			};
			name = Release;
		};
		89DBA5272884378400A26C96 /* Debug */ = {
			isa = XCBuildConfiguration;
			buildSettings = {
				ALWAYS_EMBED_SWIFT_STANDARD_LIBRARIES = YES;
				CODE_SIGN_STYLE = Automatic;
				CURRENT_PROJECT_VERSION = 1;
				DEVELOPMENT_TEAM = N3YL74K7TP;
				GENERATE_INFOPLIST_FILE = YES;
				MARKETING_VERSION = 1.0;
				PRODUCT_BUNDLE_IDENTIFIER = "hao-wei-wu.CambridgeDictionaryUITests";
				PRODUCT_NAME = "$(TARGET_NAME)";
				SWIFT_EMIT_LOC_STRINGS = NO;
				SWIFT_VERSION = 5.0;
				TARGETED_DEVICE_FAMILY = "1,2";
				TEST_TARGET_NAME = CambridgeDictionary;
			};
			name = Debug;
		};
		89DBA5282884378400A26C96 /* Release */ = {
			isa = XCBuildConfiguration;
			buildSettings = {
				ALWAYS_EMBED_SWIFT_STANDARD_LIBRARIES = YES;
				CODE_SIGN_STYLE = Automatic;
				CURRENT_PROJECT_VERSION = 1;
				DEVELOPMENT_TEAM = N3YL74K7TP;
				GENERATE_INFOPLIST_FILE = YES;
				MARKETING_VERSION = 1.0;
				PRODUCT_BUNDLE_IDENTIFIER = "hao-wei-wu.CambridgeDictionaryUITests";
				PRODUCT_NAME = "$(TARGET_NAME)";
				SWIFT_EMIT_LOC_STRINGS = NO;
				SWIFT_VERSION = 5.0;
				TARGETED_DEVICE_FAMILY = "1,2";
				TEST_TARGET_NAME = CambridgeDictionary;
			};
			name = Release;
		};
/* End XCBuildConfiguration section */

/* Begin XCConfigurationList section */
		89DBA4F72884378200A26C96 /* Build configuration list for PBXProject "CambridgeDictionary" */ = {
			isa = XCConfigurationList;
			buildConfigurations = (
				89DBA51E2884378400A26C96 /* Debug */,
				89DBA51F2884378400A26C96 /* Release */,
			);
			defaultConfigurationIsVisible = 0;
			defaultConfigurationName = Release;
		};
		89DBA5202884378400A26C96 /* Build configuration list for PBXNativeTarget "CambridgeDictionary" */ = {
			isa = XCConfigurationList;
			buildConfigurations = (
				89DBA5212884378400A26C96 /* Debug */,
				89DBA5222884378400A26C96 /* Release */,
			);
			defaultConfigurationIsVisible = 0;
			defaultConfigurationName = Release;
		};
		89DBA5232884378400A26C96 /* Build configuration list for PBXNativeTarget "CambridgeDictionaryTests" */ = {
			isa = XCConfigurationList;
			buildConfigurations = (
				89DBA5242884378400A26C96 /* Debug */,
				89DBA5252884378400A26C96 /* Release */,
			);
			defaultConfigurationIsVisible = 0;
			defaultConfigurationName = Release;
		};
		89DBA5262884378400A26C96 /* Build configuration list for PBXNativeTarget "CambridgeDictionaryUITests" */ = {
			isa = XCConfigurationList;
			buildConfigurations = (
				89DBA5272884378400A26C96 /* Debug */,
				89DBA5282884378400A26C96 /* Release */,
			);
			defaultConfigurationIsVisible = 0;
			defaultConfigurationName = Release;
		};
/* End XCConfigurationList section */
	};
	rootObject = 89DBA4F42884378200A26C96 /* Project object */;
}
