// !$*UTF8*$!
{
	archiveVersion = 1;
	classes = {
	};
	objectVersion = 56;
	objects = {

/* Begin PBXBuildFile section */
		890F9BB12B983C8800676305 /* DictionaryApp.swift in Sources */ = {isa = PBXBuildFile; fileRef = 890F9BB02B983C8800676305 /* DictionaryApp.swift */; };
		890F9BB32B983C8800676305 /* ContentView.swift in Sources */ = {isa = PBXBuildFile; fileRef = 890F9BB22B983C8800676305 /* ContentView.swift */; };
		890F9BB52B983C8800676305 /* Item.swift in Sources */ = {isa = PBXBuildFile; fileRef = 890F9BB42B983C8800676305 /* Item.swift */; };
		890F9BB72B983C8900676305 /* Assets.xcassets in Resources */ = {isa = PBXBuildFile; fileRef = 890F9BB62B983C8900676305 /* Assets.xcassets */; };
		890F9BBA2B983C8900676305 /* Preview Assets.xcassets in Resources */ = {isa = PBXBuildFile; fileRef = 890F9BB92B983C8900676305 /* Preview Assets.xcassets */; };
		890F9BCC2B983E3D00676305 /* CollectionView.swift in Sources */ = {isa = PBXBuildFile; fileRef = 890F9BC42B983E3C00676305 /* CollectionView.swift */; };
		890F9BCD2B983E3D00676305 /* IntelligentView.swift in Sources */ = {isa = PBXBuildFile; fileRef = 890F9BC62B983E3C00676305 /* IntelligentView.swift */; };
		890F9BCE2B983E3D00676305 /* QuizView.swift in Sources */ = {isa = PBXBuildFile; fileRef = 890F9BC72B983E3C00676305 /* QuizView.swift */; };
		890F9BCF2B983E3D00676305 /* SearchingView.swift in Sources */ = {isa = PBXBuildFile; fileRef = 890F9BC92B983E3C00676305 /* SearchingView.swift */; };
		890F9BD92B983E9100676305 /* CollectionsStore.swift in Sources */ = {isa = PBXBuildFile; fileRef = 890F9BD02B983E9100676305 /* CollectionsStore.swift */; };
		890F9BDA2B983E9100676305 /* DataManager.swift in Sources */ = {isa = PBXBuildFile; fileRef = 890F9BD22B983E9100676305 /* DataManager.swift */; };
		890F9BDB2B983E9100676305 /* OpenaiManger.swift in Sources */ = {isa = PBXBuildFile; fileRef = 890F9BD32B983E9100676305 /* OpenaiManger.swift */; };
		890F9BDC2B983E9100676305 /* VolumeObserver.swift in Sources */ = {isa = PBXBuildFile; fileRef = 890F9BD42B983E9100676305 /* VolumeObserver.swift */; };
		890F9BDD2B983E9100676305 /* Assets.xcassets in Resources */ = {isa = PBXBuildFile; fileRef = 890F9BD62B983E9100676305 /* Assets.xcassets */; };
		890F9BDE2B983E9100676305 /* Launch Screen.storyboard in Resources */ = {isa = PBXBuildFile; fileRef = 890F9BD72B983E9100676305 /* Launch Screen.storyboard */; };
/* End PBXBuildFile section */

/* Begin PBXFileReference section */
		890F9BAD2B983C8800676305 /* Dictionary.app */ = {isa = PBXFileReference; explicitFileType = wrapper.application; includeInIndex = 0; path = Dictionary.app; sourceTree = BUILT_PRODUCTS_DIR; };
		890F9BB02B983C8800676305 /* DictionaryApp.swift */ = {isa = PBXFileReference; lastKnownFileType = sourcecode.swift; path = DictionaryApp.swift; sourceTree = "<group>"; };
		890F9BB22B983C8800676305 /* ContentView.swift */ = {isa = PBXFileReference; lastKnownFileType = sourcecode.swift; path = ContentView.swift; sourceTree = "<group>"; };
		890F9BB42B983C8800676305 /* Item.swift */ = {isa = PBXFileReference; lastKnownFileType = sourcecode.swift; path = Item.swift; sourceTree = "<group>"; };
		890F9BB62B983C8900676305 /* Assets.xcassets */ = {isa = PBXFileReference; lastKnownFileType = folder.assetcatalog; path = Assets.xcassets; sourceTree = "<group>"; };
		890F9BB92B983C8900676305 /* Preview Assets.xcassets */ = {isa = PBXFileReference; lastKnownFileType = folder.assetcatalog; path = "Preview Assets.xcassets"; sourceTree = "<group>"; };
		890F9BC42B983E3C00676305 /* CollectionView.swift */ = {isa = PBXFileReference; fileEncoding = 4; lastKnownFileType = sourcecode.swift; path = CollectionView.swift; sourceTree = "<group>"; };
		890F9BC62B983E3C00676305 /* IntelligentView.swift */ = {isa = PBXFileReference; fileEncoding = 4; lastKnownFileType = sourcecode.swift; path = IntelligentView.swift; sourceTree = "<group>"; };
		890F9BC72B983E3C00676305 /* QuizView.swift */ = {isa = PBXFileReference; fileEncoding = 4; lastKnownFileType = sourcecode.swift; path = QuizView.swift; sourceTree = "<group>"; };
		890F9BC92B983E3C00676305 /* SearchingView.swift */ = {isa = PBXFileReference; fileEncoding = 4; lastKnownFileType = sourcecode.swift; path = SearchingView.swift; sourceTree = "<group>"; };
		890F9BD02B983E9100676305 /* CollectionsStore.swift */ = {isa = PBXFileReference; fileEncoding = 4; lastKnownFileType = sourcecode.swift; path = CollectionsStore.swift; sourceTree = "<group>"; };
		890F9BD22B983E9100676305 /* DataManager.swift */ = {isa = PBXFileReference; fileEncoding = 4; lastKnownFileType = sourcecode.swift; path = DataManager.swift; sourceTree = "<group>"; };
		890F9BD32B983E9100676305 /* OpenaiManger.swift */ = {isa = PBXFileReference; fileEncoding = 4; lastKnownFileType = sourcecode.swift; path = OpenaiManger.swift; sourceTree = "<group>"; };
		890F9BD42B983E9100676305 /* VolumeObserver.swift */ = {isa = PBXFileReference; fileEncoding = 4; lastKnownFileType = sourcecode.swift; path = VolumeObserver.swift; sourceTree = "<group>"; };
		890F9BD62B983E9100676305 /* Assets.xcassets */ = {isa = PBXFileReference; lastKnownFileType = folder.assetcatalog; path = Assets.xcassets; sourceTree = "<group>"; };
		890F9BD72B983E9100676305 /* Launch Screen.storyboard */ = {isa = PBXFileReference; fileEncoding = 4; lastKnownFileType = file.storyboard; path = "Launch Screen.storyboard"; sourceTree = "<group>"; };
/* End PBXFileReference section */

/* Begin PBXFrameworksBuildPhase section */
		890F9BAA2B983C8800676305 /* Frameworks */ = {
			isa = PBXFrameworksBuildPhase;
			buildActionMask = 2147483647;
			files = (
			);
			runOnlyForDeploymentPostprocessing = 0;
		};
/* End PBXFrameworksBuildPhase section */

/* Begin PBXGroup section */
		890F9BA42B983C8800676305 = {
			isa = PBXGroup;
			children = (
				890F9BAF2B983C8800676305 /* Dictionary */,
				890F9BAE2B983C8800676305 /* Products */,
			);
			sourceTree = "<group>";
		};
		890F9BAE2B983C8800676305 /* Products */ = {
			isa = PBXGroup;
			children = (
				890F9BAD2B983C8800676305 /* Dictionary.app */,
			);
			name = Products;
			sourceTree = "<group>";
		};
		890F9BAF2B983C8800676305 /* Dictionary */ = {
			isa = PBXGroup;
			children = (
				890F9BB02B983C8800676305 /* DictionaryApp.swift */,
				890F9BB22B983C8800676305 /* ContentView.swift */,
				890F9BD12B983E9100676305 /* Model */,
				890F9BD52B983E9100676305 /* Others */,
				890F9BD82B983E9100676305 /* Utils */,
				890F9BCB2B983E3C00676305 /* Screen */,
				890F9BB42B983C8800676305 /* Item.swift */,
				890F9BB62B983C8900676305 /* Assets.xcassets */,
				890F9BB82B983C8900676305 /* Preview Content */,
			);
			path = Dictionary;
			sourceTree = "<group>";
		};
		890F9BB82B983C8900676305 /* Preview Content */ = {
			isa = PBXGroup;
			children = (
				890F9BB92B983C8900676305 /* Preview Assets.xcassets */,
			);
			path = "Preview Content";
			sourceTree = "<group>";
		};
		890F9BC52B983E3C00676305 /* Collection */ = {
			isa = PBXGroup;
			children = (
				890F9BC42B983E3C00676305 /* CollectionView.swift */,
			);
			path = Collection;
			sourceTree = "<group>";
		};
		890F9BC82B983E3C00676305 /* Intelligent */ = {
			isa = PBXGroup;
			children = (
				890F9BC62B983E3C00676305 /* IntelligentView.swift */,
				890F9BC72B983E3C00676305 /* QuizView.swift */,
			);
			path = Intelligent;
			sourceTree = "<group>";
		};
		890F9BCA2B983E3C00676305 /* Searching */ = {
			isa = PBXGroup;
			children = (
				890F9BC92B983E3C00676305 /* SearchingView.swift */,
			);
			path = Searching;
			sourceTree = "<group>";
		};
		890F9BCB2B983E3C00676305 /* Screen */ = {
			isa = PBXGroup;
			children = (
				890F9BC52B983E3C00676305 /* Collection */,
				890F9BC82B983E3C00676305 /* Intelligent */,
				890F9BCA2B983E3C00676305 /* Searching */,
			);
			path = Screen;
			sourceTree = "<group>";
		};
		890F9BD12B983E9100676305 /* Model */ = {
			isa = PBXGroup;
			children = (
				890F9BD02B983E9100676305 /* CollectionsStore.swift */,
			);
			path = Model;
			sourceTree = "<group>";
		};
		890F9BD52B983E9100676305 /* Others */ = {
			isa = PBXGroup;
			children = (
				890F9BD22B983E9100676305 /* DataManager.swift */,
				890F9BD32B983E9100676305 /* OpenaiManger.swift */,
				890F9BD42B983E9100676305 /* VolumeObserver.swift */,
			);
			path = Others;
			sourceTree = "<group>";
		};
		890F9BD82B983E9100676305 /* Utils */ = {
			isa = PBXGroup;
			children = (
				890F9BD62B983E9100676305 /* Assets.xcassets */,
				890F9BD72B983E9100676305 /* Launch Screen.storyboard */,
			);
			path = Utils;
			sourceTree = "<group>";
		};
/* End PBXGroup section */

/* Begin PBXNativeTarget section */
		890F9BAC2B983C8800676305 /* Dictionary */ = {
			isa = PBXNativeTarget;
			buildConfigurationList = 890F9BBD2B983C8900676305 /* Build configuration list for PBXNativeTarget "Dictionary" */;
			buildPhases = (
				890F9BA92B983C8800676305 /* Sources */,
				890F9BAA2B983C8800676305 /* Frameworks */,
				890F9BAB2B983C8800676305 /* Resources */,
			);
			buildRules = (
			);
			dependencies = (
			);
			name = Dictionary;
			productName = Dictionary;
			productReference = 890F9BAD2B983C8800676305 /* Dictionary.app */;
			productType = "com.apple.product-type.application";
		};
/* End PBXNativeTarget section */

/* Begin PBXProject section */
		890F9BA52B983C8800676305 /* Project object */ = {
			isa = PBXProject;
			attributes = {
				BuildIndependentTargetsInParallel = 1;
				LastSwiftUpdateCheck = 1530;
				LastUpgradeCheck = 1530;
				TargetAttributes = {
					890F9BAC2B983C8800676305 = {
						CreatedOnToolsVersion = 15.3;
					};
				};
			};
			buildConfigurationList = 890F9BA82B983C8800676305 /* Build configuration list for PBXProject "Dictionary" */;
			compatibilityVersion = "Xcode 14.0";
			developmentRegion = en;
			hasScannedForEncodings = 0;
			knownRegions = (
				en,
				Base,
			);
			mainGroup = 890F9BA42B983C8800676305;
			productRefGroup = 890F9BAE2B983C8800676305 /* Products */;
			projectDirPath = "";
			projectRoot = "";
			targets = (
				890F9BAC2B983C8800676305 /* Dictionary */,
			);
		};
/* End PBXProject section */

/* Begin PBXResourcesBuildPhase section */
		890F9BAB2B983C8800676305 /* Resources */ = {
			isa = PBXResourcesBuildPhase;
			buildActionMask = 2147483647;
			files = (
				890F9BBA2B983C8900676305 /* Preview Assets.xcassets in Resources */,
				890F9BDD2B983E9100676305 /* Assets.xcassets in Resources */,
				890F9BDE2B983E9100676305 /* Launch Screen.storyboard in Resources */,
				890F9BB72B983C8900676305 /* Assets.xcassets in Resources */,
			);
			runOnlyForDeploymentPostprocessing = 0;
		};
/* End PBXResourcesBuildPhase section */

/* Begin PBXSourcesBuildPhase section */
		890F9BA92B983C8800676305 /* Sources */ = {
			isa = PBXSourcesBuildPhase;
			buildActionMask = 2147483647;
			files = (
				890F9BCD2B983E3D00676305 /* IntelligentView.swift in Sources */,
				890F9BB32B983C8800676305 /* ContentView.swift in Sources */,
				890F9BB52B983C8800676305 /* Item.swift in Sources */,
				890F9BCC2B983E3D00676305 /* CollectionView.swift in Sources */,
				890F9BDC2B983E9100676305 /* VolumeObserver.swift in Sources */,
				890F9BCF2B983E3D00676305 /* SearchingView.swift in Sources */,
				890F9BD92B983E9100676305 /* CollectionsStore.swift in Sources */,
				890F9BB12B983C8800676305 /* DictionaryApp.swift in Sources */,
				890F9BDB2B983E9100676305 /* OpenaiManger.swift in Sources */,
				890F9BDA2B983E9100676305 /* DataManager.swift in Sources */,
				890F9BCE2B983E3D00676305 /* QuizView.swift in Sources */,
			);
			runOnlyForDeploymentPostprocessing = 0;
		};
/* End PBXSourcesBuildPhase section */

/* Begin XCBuildConfiguration section */
		890F9BBB2B983C8900676305 /* Debug */ = {
			isa = XCBuildConfiguration;
			buildSettings = {
				ALWAYS_SEARCH_USER_PATHS = NO;
				ASSETCATALOG_COMPILER_GENERATE_SWIFT_ASSET_SYMBOL_EXTENSIONS = YES;
				CLANG_ANALYZER_NONNULL = YES;
				CLANG_ANALYZER_NUMBER_OBJECT_CONVERSION = YES_AGGRESSIVE;
				CLANG_CXX_LANGUAGE_STANDARD = "gnu++20";
				CLANG_ENABLE_MODULES = YES;
				CLANG_ENABLE_OBJC_ARC = YES;
				CLANG_ENABLE_OBJC_WEAK = YES;
				CLANG_WARN_BLOCK_CAPTURE_AUTORELEASING = YES;
				CLANG_WARN_BOOL_CONVERSION = YES;
				CLANG_WARN_COMMA = YES;
				CLANG_WARN_CONSTANT_CONVERSION = YES;
				CLANG_WARN_DEPRECATED_OBJC_IMPLEMENTATIONS = YES;
				CLANG_WARN_DIRECT_OBJC_ISA_USAGE = YES_ERROR;
				CLANG_WARN_DOCUMENTATION_COMMENTS = YES;
				CLANG_WARN_EMPTY_BODY = YES;
				CLANG_WARN_ENUM_CONVERSION = YES;
				CLANG_WARN_INFINITE_RECURSION = YES;
				CLANG_WARN_INT_CONVERSION = YES;
				CLANG_WARN_NON_LITERAL_NULL_CONVERSION = YES;
				CLANG_WARN_OBJC_IMPLICIT_RETAIN_SELF = YES;
				CLANG_WARN_OBJC_LITERAL_CONVERSION = YES;
				CLANG_WARN_OBJC_ROOT_CLASS = YES_ERROR;
				CLANG_WARN_QUOTED_INCLUDE_IN_FRAMEWORK_HEADER = YES;
				CLANG_WARN_RANGE_LOOP_ANALYSIS = YES;
				CLANG_WARN_STRICT_PROTOTYPES = YES;
				CLANG_WARN_SUSPICIOUS_MOVE = YES;
				CLANG_WARN_UNGUARDED_AVAILABILITY = YES_AGGRESSIVE;
				CLANG_WARN_UNREACHABLE_CODE = YES;
				CLANG_WARN__DUPLICATE_METHOD_MATCH = YES;
				COPY_PHASE_STRIP = NO;
				DEBUG_INFORMATION_FORMAT = dwarf;
				ENABLE_STRICT_OBJC_MSGSEND = YES;
				ENABLE_TESTABILITY = YES;
				ENABLE_USER_SCRIPT_SANDBOXING = YES;
				GCC_C_LANGUAGE_STANDARD = gnu17;
				GCC_DYNAMIC_NO_PIC = NO;
				GCC_NO_COMMON_BLOCKS = YES;
				GCC_OPTIMIZATION_LEVEL = 0;
				GCC_PREPROCESSOR_DEFINITIONS = (
					"DEBUG=1",
					"$(inherited)",
				);
				GCC_WARN_64_TO_32_BIT_CONVERSION = YES;
				GCC_WARN_ABOUT_RETURN_TYPE = YES_ERROR;
				GCC_WARN_UNDECLARED_SELECTOR = YES;
				GCC_WARN_UNINITIALIZED_AUTOS = YES_AGGRESSIVE;
				GCC_WARN_UNUSED_FUNCTION = YES;
				GCC_WARN_UNUSED_VARIABLE = YES;
				IPHONEOS_DEPLOYMENT_TARGET = 17.4;
				LOCALIZATION_PREFERS_STRING_CATALOGS = YES;
				MTL_ENABLE_DEBUG_INFO = INCLUDE_SOURCE;
				MTL_FAST_MATH = YES;
				ONLY_ACTIVE_ARCH = YES;
				SDKROOT = iphoneos;
				SWIFT_ACTIVE_COMPILATION_CONDITIONS = "DEBUG $(inherited)";
				SWIFT_OPTIMIZATION_LEVEL = "-Onone";
			};
			name = Debug;
		};
		890F9BBC2B983C8900676305 /* Release */ = {
			isa = XCBuildConfiguration;
			buildSettings = {
				ALWAYS_SEARCH_USER_PATHS = NO;
				ASSETCATALOG_COMPILER_GENERATE_SWIFT_ASSET_SYMBOL_EXTENSIONS = YES;
				CLANG_ANALYZER_NONNULL = YES;
				CLANG_ANALYZER_NUMBER_OBJECT_CONVERSION = YES_AGGRESSIVE;
				CLANG_CXX_LANGUAGE_STANDARD = "gnu++20";
				CLANG_ENABLE_MODULES = YES;
				CLANG_ENABLE_OBJC_ARC = YES;
				CLANG_ENABLE_OBJC_WEAK = YES;
				CLANG_WARN_BLOCK_CAPTURE_AUTORELEASING = YES;
				CLANG_WARN_BOOL_CONVERSION = YES;
				CLANG_WARN_COMMA = YES;
				CLANG_WARN_CONSTANT_CONVERSION = YES;
				CLANG_WARN_DEPRECATED_OBJC_IMPLEMENTATIONS = YES;
				CLANG_WARN_DIRECT_OBJC_ISA_USAGE = YES_ERROR;
				CLANG_WARN_DOCUMENTATION_COMMENTS = YES;
				CLANG_WARN_EMPTY_BODY = YES;
				CLANG_WARN_ENUM_CONVERSION = YES;
				CLANG_WARN_INFINITE_RECURSION = YES;
				CLANG_WARN_INT_CONVERSION = YES;
				CLANG_WARN_NON_LITERAL_NULL_CONVERSION = YES;
				CLANG_WARN_OBJC_IMPLICIT_RETAIN_SELF = YES;
				CLANG_WARN_OBJC_LITERAL_CONVERSION = YES;
				CLANG_WARN_OBJC_ROOT_CLASS = YES_ERROR;
				CLANG_WARN_QUOTED_INCLUDE_IN_FRAMEWORK_HEADER = YES;
				CLANG_WARN_RANGE_LOOP_ANALYSIS = YES;
				CLANG_WARN_STRICT_PROTOTYPES = YES;
				CLANG_WARN_SUSPICIOUS_MOVE = YES;
				CLANG_WARN_UNGUARDED_AVAILABILITY = YES_AGGRESSIVE;
				CLANG_WARN_UNREACHABLE_CODE = YES;
				CLANG_WARN__DUPLICATE_METHOD_MATCH = YES;
				COPY_PHASE_STRIP = NO;
				DEBUG_INFORMATION_FORMAT = "dwarf-with-dsym";
				ENABLE_NS_ASSERTIONS = NO;
				ENABLE_STRICT_OBJC_MSGSEND = YES;
				ENABLE_USER_SCRIPT_SANDBOXING = YES;
				GCC_C_LANGUAGE_STANDARD = gnu17;
				GCC_NO_COMMON_BLOCKS = YES;
				GCC_WARN_64_TO_32_BIT_CONVERSION = YES;
				GCC_WARN_ABOUT_RETURN_TYPE = YES_ERROR;
				GCC_WARN_UNDECLARED_SELECTOR = YES;
				GCC_WARN_UNINITIALIZED_AUTOS = YES_AGGRESSIVE;
				GCC_WARN_UNUSED_FUNCTION = YES;
				GCC_WARN_UNUSED_VARIABLE = YES;
				IPHONEOS_DEPLOYMENT_TARGET = 17.4;
				LOCALIZATION_PREFERS_STRING_CATALOGS = YES;
				MTL_ENABLE_DEBUG_INFO = NO;
				MTL_FAST_MATH = YES;
				SDKROOT = iphoneos;
				SWIFT_COMPILATION_MODE = wholemodule;
				VALIDATE_PRODUCT = YES;
			};
			name = Release;
		};
		890F9BBE2B983C8900676305 /* Debug */ = {
			isa = XCBuildConfiguration;
			buildSettings = {
				ASSETCATALOG_COMPILER_APPICON_NAME = AppIcon;
				ASSETCATALOG_COMPILER_GLOBAL_ACCENT_COLOR_NAME = AccentColor;
				CODE_SIGN_STYLE = Automatic;
				CURRENT_PROJECT_VERSION = 1;
				DEVELOPMENT_ASSET_PATHS = "\"Dictionary/Preview Content\"";
				DEVELOPMENT_TEAM = N3YL74K7TP;
				ENABLE_PREVIEWS = YES;
				GENERATE_INFOPLIST_FILE = YES;
				INFOPLIST_KEY_UIApplicationSceneManifest_Generation = YES;
				INFOPLIST_KEY_UIApplicationSupportsIndirectInputEvents = YES;
				INFOPLIST_KEY_UILaunchScreen_Generation = YES;
				INFOPLIST_KEY_UISupportedInterfaceOrientations_iPad = "UIInterfaceOrientationPortrait UIInterfaceOrientationPortraitUpsideDown UIInterfaceOrientationLandscapeLeft UIInterfaceOrientationLandscapeRight";
				INFOPLIST_KEY_UISupportedInterfaceOrientations_iPhone = "UIInterfaceOrientationPortrait UIInterfaceOrientationLandscapeLeft UIInterfaceOrientationLandscapeRight";
				LD_RUNPATH_SEARCH_PATHS = (
					"$(inherited)",
					"@executable_path/Frameworks",
				);
				MARKETING_VERSION = 1.0;
				PRODUCT_BUNDLE_IDENTIFIER = "hao-wei-wu.Dictionary";
				PRODUCT_NAME = "$(TARGET_NAME)";
				SWIFT_EMIT_LOC_STRINGS = YES;
				SWIFT_VERSION = 5.0;
				TARGETED_DEVICE_FAMILY = "1,2";
			};
			name = Debug;
		};
		890F9BBF2B983C8900676305 /* Release */ = {
			isa = XCBuildConfiguration;
			buildSettings = {
				ASSETCATALOG_COMPILER_APPICON_NAME = AppIcon;
				ASSETCATALOG_COMPILER_GLOBAL_ACCENT_COLOR_NAME = AccentColor;
				CODE_SIGN_STYLE = Automatic;
				CURRENT_PROJECT_VERSION = 1;
				DEVELOPMENT_ASSET_PATHS = "\"Dictionary/Preview Content\"";
				DEVELOPMENT_TEAM = N3YL74K7TP;
				ENABLE_PREVIEWS = YES;
				GENERATE_INFOPLIST_FILE = YES;
				INFOPLIST_KEY_UIApplicationSceneManifest_Generation = YES;
				INFOPLIST_KEY_UIApplicationSupportsIndirectInputEvents = YES;
				INFOPLIST_KEY_UILaunchScreen_Generation = YES;
				INFOPLIST_KEY_UISupportedInterfaceOrientations_iPad = "UIInterfaceOrientationPortrait UIInterfaceOrientationPortraitUpsideDown UIInterfaceOrientationLandscapeLeft UIInterfaceOrientationLandscapeRight";
				INFOPLIST_KEY_UISupportedInterfaceOrientations_iPhone = "UIInterfaceOrientationPortrait UIInterfaceOrientationLandscapeLeft UIInterfaceOrientationLandscapeRight";
				LD_RUNPATH_SEARCH_PATHS = (
					"$(inherited)",
					"@executable_path/Frameworks",
				);
				MARKETING_VERSION = 1.0;
				PRODUCT_BUNDLE_IDENTIFIER = "hao-wei-wu.Dictionary";
				PRODUCT_NAME = "$(TARGET_NAME)";
				SWIFT_EMIT_LOC_STRINGS = YES;
				SWIFT_VERSION = 5.0;
				TARGETED_DEVICE_FAMILY = "1,2";
			};
			name = Release;
		};
/* End XCBuildConfiguration section */

/* Begin XCConfigurationList section */
		890F9BA82B983C8800676305 /* Build configuration list for PBXProject "Dictionary" */ = {
			isa = XCConfigurationList;
			buildConfigurations = (
				890F9BBB2B983C8900676305 /* Debug */,
				890F9BBC2B983C8900676305 /* Release */,
			);
			defaultConfigurationIsVisible = 0;
			defaultConfigurationName = Release;
		};
		890F9BBD2B983C8900676305 /* Build configuration list for PBXNativeTarget "Dictionary" */ = {
			isa = XCConfigurationList;
			buildConfigurations = (
				890F9BBE2B983C8900676305 /* Debug */,
				890F9BBF2B983C8900676305 /* Release */,
			);
			defaultConfigurationIsVisible = 0;
			defaultConfigurationName = Release;
		};
/* End XCConfigurationList section */
	};
	rootObject = 890F9BA52B983C8800676305 /* Project object */;
}
